
Microsoft Visual Studio Solution File, Format Version 12.00
# Visual Studio Version 17
VisualStudioVersion = 17.9.34723.18
MinimumVisualStudioVersion = 10.0.40219.1
Project("{FAE04EC0-301F-11D3-BF4B-00C04F79EFBC}") = "3-12-2024", "3-12-2024\3-12-2024.csproj", "{87D7AADE-0A55-49B1-9837-81B07C1AFECD}"
EndProject
Global
	GlobalSection(SolutionConfigurationPlatforms) = preSolution
		Debug|Any CPU = Debug|Any CPU
		Release|Any CPU = Release|Any CPU
	EndGlobalSection
	GlobalSection(ProjectConfigurationPlatforms) = postSolution
		{87D7AADE-0A55-49B1-9837-81B07C1AFECD}.Debug|Any CPU.ActiveCfg = Debug|Any CPU
		{87D7AADE-0A55-49B1-9837-81B07C1AFECD}.Debug|Any CPU.Build.0 = Debug|Any CPU
		{87D7AADE-0A55-49B1-9837-81B07C1AFECD}.Release|Any CPU.ActiveCfg = Release|Any CPU
		{87D7AADE-0A55-49B1-9837-81B07C1AFECD}.Release|Any CPU.Build.0 = Release|Any CPU
	EndGlobalSection
	GlobalSection(SolutionProperties) = preSolution
		HideSolutionNode = FALSE
	EndGlobalSection
	GlobalSection(ExtensibilityGlobals) = postSolution
		SolutionGuid = {5F4333A3-F5C5-42CB-8D5F-3890C036CB89}
	EndGlobalSection
EndGlobal
