
Microsoft Visual Studio Solution File, Format Version 12.00
# Visual Studio Version 17
VisualStudioVersion = 17.9.34723.18
MinimumVisualStudioVersion = 10.0.40219.1
Project("{FAE04EC0-301F-11D3-BF4B-00C04F79EFBC}") = "15-01-2025", "15-01-2025\15-01-2025.csproj", "{5240648A-66A6-4299-ABE2-34B13694DEDA}"
EndProject
Global
	GlobalSection(SolutionConfigurationPlatforms) = preSolution
		Debug|Any CPU = Debug|Any CPU
		Release|Any CPU = Release|Any CPU
	EndGlobalSection
	GlobalSection(ProjectConfigurationPlatforms) = postSolution
		{5240648A-66A6-4299-ABE2-34B13694DEDA}.Debug|Any CPU.ActiveCfg = Debug|Any CPU
		{5240648A-66A6-4299-ABE2-34B13694DEDA}.Debug|Any CPU.Build.0 = Debug|Any CPU
		{5240648A-66A6-4299-ABE2-34B13694DEDA}.Release|Any CPU.ActiveCfg = Release|Any CPU
		{5240648A-66A6-4299-ABE2-34B13694DEDA}.Release|Any CPU.Build.0 = Release|Any CPU
	EndGlobalSection
	GlobalSection(SolutionProperties) = preSolution
		HideSolutionNode = FALSE
	EndGlobalSection
	GlobalSection(ExtensibilityGlobals) = postSolution
		SolutionGuid = {899FAABF-506F-45B5-9914-89E18B2FD827}
	EndGlobalSection
EndGlobal
