
Microsoft Visual Studio Solution File, Format Version 12.00
# Visual Studio Version 17
VisualStudioVersion = 17.9.34723.18
MinimumVisualStudioVersion = 10.0.40219.1
Project("{9A19103F-16F7-4668-BE54-9A1E7A4F7556}") = "Day 1_Historian Hysteria", "Day 1_Historian Hysteria\Day 1_Historian Hysteria.csproj", "{622C1854-6652-49AE-BCE7-5081097FF902}"
EndProject
Project("{9A19103F-16F7-4668-BE54-9A1E7A4F7556}") = "Day 2_Red-Nosed Reports", "Day 2_Red-Nosed Reports\Day 2_Red-Nosed Reports.csproj", "{33D0DBA6-AA5C-44B7-A7D2-83AEC46FF48C}"
EndProject
Project("{9A19103F-16F7-4668-BE54-9A1E7A4F7556}") = "LibraryHelper", "LibraryHelper\LibraryHelper.csproj", "{9D4CB420-7D1E-4B54-92CB-00D941F29690}"
EndProject
Project("{9A19103F-16F7-4668-BE54-9A1E7A4F7556}") = "Day 4_Ceres Search", "Day 4_Ceres Search\Day 4_Ceres Search.csproj", "{44869255-FBEE-4478-B9B2-DDF00AB5BC00}"
EndProject
Project("{FAE04EC0-301F-11D3-BF4B-00C04F79EFBC}") = "Day 3_Mull It Over", "Day 3_Mull It Over\Day 3_Mull It Over.csproj", "{C38C4AFE-F6F5-4FEB-8EED-6D9384207D82}"
EndProject
Global
	GlobalSection(SolutionConfigurationPlatforms) = preSolution
		Debug|Any CPU = Debug|Any CPU
		Release|Any CPU = Release|Any CPU
	EndGlobalSection
	GlobalSection(ProjectConfigurationPlatforms) = postSolution
		{622C1854-6652-49AE-BCE7-5081097FF902}.Debug|Any CPU.ActiveCfg = Debug|Any CPU
		{622C1854-6652-49AE-BCE7-5081097FF902}.Debug|Any CPU.Build.0 = Debug|Any CPU
		{622C1854-6652-49AE-BCE7-5081097FF902}.Release|Any CPU.ActiveCfg = Release|Any CPU
		{622C1854-6652-49AE-BCE7-5081097FF902}.Release|Any CPU.Build.0 = Release|Any CPU
		{33D0DBA6-AA5C-44B7-A7D2-83AEC46FF48C}.Debug|Any CPU.ActiveCfg = Debug|Any CPU
		{33D0DBA6-AA5C-44B7-A7D2-83AEC46FF48C}.Debug|Any CPU.Build.0 = Debug|Any CPU
		{33D0DBA6-AA5C-44B7-A7D2-83AEC46FF48C}.Release|Any CPU.ActiveCfg = Release|Any CPU
		{33D0DBA6-AA5C-44B7-A7D2-83AEC46FF48C}.Release|Any CPU.Build.0 = Release|Any CPU
		{9D4CB420-7D1E-4B54-92CB-00D941F29690}.Debug|Any CPU.ActiveCfg = Debug|Any CPU
		{9D4CB420-7D1E-4B54-92CB-00D941F29690}.Debug|Any CPU.Build.0 = Debug|Any CPU
		{9D4CB420-7D1E-4B54-92CB-00D941F29690}.Release|Any CPU.ActiveCfg = Release|Any CPU
		{9D4CB420-7D1E-4B54-92CB-00D941F29690}.Release|Any CPU.Build.0 = Release|Any CPU
		{44869255-FBEE-4478-B9B2-DDF00AB5BC00}.Debug|Any CPU.ActiveCfg = Debug|Any CPU
		{44869255-FBEE-4478-B9B2-DDF00AB5BC00}.Debug|Any CPU.Build.0 = Debug|Any CPU
		{44869255-FBEE-4478-B9B2-DDF00AB5BC00}.Release|Any CPU.ActiveCfg = Release|Any CPU
		{44869255-FBEE-4478-B9B2-DDF00AB5BC00}.Release|Any CPU.Build.0 = Release|Any CPU
		{C38C4AFE-F6F5-4FEB-8EED-6D9384207D82}.Debug|Any CPU.ActiveCfg = Debug|Any CPU
		{C38C4AFE-F6F5-4FEB-8EED-6D9384207D82}.Debug|Any CPU.Build.0 = Debug|Any CPU
		{C38C4AFE-F6F5-4FEB-8EED-6D9384207D82}.Release|Any CPU.ActiveCfg = Release|Any CPU
		{C38C4AFE-F6F5-4FEB-8EED-6D9384207D82}.Release|Any CPU.Build.0 = Release|Any CPU
	EndGlobalSection
	GlobalSection(SolutionProperties) = preSolution
		HideSolutionNode = FALSE
	EndGlobalSection
	GlobalSection(ExtensibilityGlobals) = postSolution
		SolutionGuid = {4893A362-5511-4161-B564-93982B9808F8}
	EndGlobalSection
EndGlobal
