
Microsoft Visual Studio Solution File, Format Version 12.00
# Visual Studio Version 17
VisualStudioVersion = 17.9.34723.18
MinimumVisualStudioVersion = 10.0.40219.1
Project("{FAE04EC0-301F-11D3-BF4B-00C04F79EFBC}") = "15-12-2024", "15-12-2024\15-12-2024.csproj", "{481B28A2-5EA9-47C0-8DE3-48E03BBD3CEC}"
EndProject
Global
	GlobalSection(SolutionConfigurationPlatforms) = preSolution
		Debug|Any CPU = Debug|Any CPU
		Release|Any CPU = Release|Any CPU
	EndGlobalSection
	GlobalSection(ProjectConfigurationPlatforms) = postSolution
		{481B28A2-5EA9-47C0-8DE3-48E03BBD3CEC}.Debug|Any CPU.ActiveCfg = Debug|Any CPU
		{481B28A2-5EA9-47C0-8DE3-48E03BBD3CEC}.Debug|Any CPU.Build.0 = Debug|Any CPU
		{481B28A2-5EA9-47C0-8DE3-48E03BBD3CEC}.Release|Any CPU.ActiveCfg = Release|Any CPU
		{481B28A2-5EA9-47C0-8DE3-48E03BBD3CEC}.Release|Any CPU.Build.0 = Release|Any CPU
	EndGlobalSection
	GlobalSection(SolutionProperties) = preSolution
		HideSolutionNode = FALSE
	EndGlobalSection
	GlobalSection(ExtensibilityGlobals) = postSolution
		SolutionGuid = {5FAAAF02-841E-4049-B3A4-C1DB93A11D2E}
	EndGlobalSection
EndGlobal
