
Microsoft Visual Studio Solution File, Format Version 12.00
# Visual Studio Version 17
VisualStudioVersion = 17.9.34723.18
MinimumVisualStudioVersion = 10.0.40219.1
Project("{FAE04EC0-301F-11D3-BF4B-00C04F79EFBC}") = "DeleteNodesFromLinkedListPresentInArray", "DeleteNodesFromLinkedListPresentInArray\DeleteNodesFromLinkedListPresentInArray.csproj", "{5D0A79F6-8E3D-41D6-BF54-56120CD046BC}"
EndProject
Global
	GlobalSection(SolutionConfigurationPlatforms) = preSolution
		Debug|Any CPU = Debug|Any CPU
		Release|Any CPU = Release|Any CPU
	EndGlobalSection
	GlobalSection(ProjectConfigurationPlatforms) = postSolution
		{5D0A79F6-8E3D-41D6-BF54-56120CD046BC}.Debug|Any CPU.ActiveCfg = Debug|Any CPU
		{5D0A79F6-8E3D-41D6-BF54-56120CD046BC}.Debug|Any CPU.Build.0 = Debug|Any CPU
		{5D0A79F6-8E3D-41D6-BF54-56120CD046BC}.Release|Any CPU.ActiveCfg = Release|Any CPU
		{5D0A79F6-8E3D-41D6-BF54-56120CD046BC}.Release|Any CPU.Build.0 = Release|Any CPU
	EndGlobalSection
	GlobalSection(SolutionProperties) = preSolution
		HideSolutionNode = FALSE
	EndGlobalSection
	GlobalSection(ExtensibilityGlobals) = postSolution
		SolutionGuid = {3D2FC219-7791-46F0-9CC2-7C7E8D047679}
	EndGlobalSection
EndGlobal
