
Microsoft Visual Studio Solution File, Format Version 12.00
# Visual Studio Version 17
VisualStudioVersion = 17.9.34723.18
MinimumVisualStudioVersion = 10.0.40219.1
Project("{FAE04EC0-301F-11D3-BF4B-00C04F79EFBC}") = "04", "04\04.csproj", "{40A320A3-3547-4355-9D99-6219A4B76E9E}"
EndProject
Global
	GlobalSection(SolutionConfigurationPlatforms) = preSolution
		Debug|Any CPU = Debug|Any CPU
		Release|Any CPU = Release|Any CPU
	EndGlobalSection
	GlobalSection(ProjectConfigurationPlatforms) = postSolution
		{40A320A3-3547-4355-9D99-6219A4B76E9E}.Debug|Any CPU.ActiveCfg = Debug|Any CPU
		{40A320A3-3547-4355-9D99-6219A4B76E9E}.Debug|Any CPU.Build.0 = Debug|Any CPU
		{40A320A3-3547-4355-9D99-6219A4B76E9E}.Release|Any CPU.ActiveCfg = Release|Any CPU
		{40A320A3-3547-4355-9D99-6219A4B76E9E}.Release|Any CPU.Build.0 = Release|Any CPU
	EndGlobalSection
	GlobalSection(SolutionProperties) = preSolution
		HideSolutionNode = FALSE
	EndGlobalSection
	GlobalSection(ExtensibilityGlobals) = postSolution
		SolutionGuid = {0BF11ACC-0C34-410B-9AAF-D8F7FC2EA318}
	EndGlobalSection
EndGlobal
