
Microsoft Visual Studio Solution File, Format Version 12.00
# Visual Studio Version 17
VisualStudioVersion = 17.9.34723.18
MinimumVisualStudioVersion = 10.0.40219.1
Project("{FAE04EC0-301F-11D3-BF4B-00C04F79EFBC}") = "08-01-2025", "08-01-2025\08-01-2025.csproj", "{C5F09B40-18EE-4E9E-82AF-9DF1E781493D}"
EndProject
Global
	GlobalSection(SolutionConfigurationPlatforms) = preSolution
		Debug|Any CPU = Debug|Any CPU
		Release|Any CPU = Release|Any CPU
	EndGlobalSection
	GlobalSection(ProjectConfigurationPlatforms) = postSolution
		{C5F09B40-18EE-4E9E-82AF-9DF1E781493D}.Debug|Any CPU.ActiveCfg = Debug|Any CPU
		{C5F09B40-18EE-4E9E-82AF-9DF1E781493D}.Debug|Any CPU.Build.0 = Debug|Any CPU
		{C5F09B40-18EE-4E9E-82AF-9DF1E781493D}.Release|Any CPU.ActiveCfg = Release|Any CPU
		{C5F09B40-18EE-4E9E-82AF-9DF1E781493D}.Release|Any CPU.Build.0 = Release|Any CPU
	EndGlobalSection
	GlobalSection(SolutionProperties) = preSolution
		HideSolutionNode = FALSE
	EndGlobalSection
	GlobalSection(ExtensibilityGlobals) = postSolution
		SolutionGuid = {3A019C33-F925-4B14-B171-F11CBD7742C4}
	EndGlobalSection
EndGlobal
