
Microsoft Visual Studio Solution File, Format Version 12.00
# Visual Studio Version 17
VisualStudioVersion = 17.9.34723.18
MinimumVisualStudioVersion = 10.0.40219.1
Project("{FAE04EC0-301F-11D3-BF4B-00C04F79EFBC}") = "10-12-2024", "10-12-2024\10-12-2024.csproj", "{A5F5F77C-1012-47A1-B027-C6D5B787A9D2}"
EndProject
Global
	GlobalSection(SolutionConfigurationPlatforms) = preSolution
		Debug|Any CPU = Debug|Any CPU
		Release|Any CPU = Release|Any CPU
	EndGlobalSection
	GlobalSection(ProjectConfigurationPlatforms) = postSolution
		{A5F5F77C-1012-47A1-B027-C6D5B787A9D2}.Debug|Any CPU.ActiveCfg = Debug|Any CPU
		{A5F5F77C-1012-47A1-B027-C6D5B787A9D2}.Debug|Any CPU.Build.0 = Debug|Any CPU
		{A5F5F77C-1012-47A1-B027-C6D5B787A9D2}.Release|Any CPU.ActiveCfg = Release|Any CPU
		{A5F5F77C-1012-47A1-B027-C6D5B787A9D2}.Release|Any CPU.Build.0 = Release|Any CPU
	EndGlobalSection
	GlobalSection(SolutionProperties) = preSolution
		HideSolutionNode = FALSE
	EndGlobalSection
	GlobalSection(ExtensibilityGlobals) = postSolution
		SolutionGuid = {A1B5948A-0435-4363-878B-7AD047B958D7}
	EndGlobalSection
EndGlobal
