
Microsoft Visual Studio Solution File, Format Version 12.00
# Visual Studio Version 17
VisualStudioVersion = 17.9.34723.18
MinimumVisualStudioVersion = 10.0.40219.1
Project("{FAE04EC0-301F-11D3-BF4B-00C04F79EFBC}") = "Convert1DArrayTo2DArray", "Convert1DArrayTo2DArray\Convert1DArrayTo2DArray.csproj", "{CE6A2A17-06D4-49BF-9BE6-EBABF8166FD0}"
EndProject
Global
	GlobalSection(SolutionConfigurationPlatforms) = preSolution
		Debug|Any CPU = Debug|Any CPU
		Release|Any CPU = Release|Any CPU
	EndGlobalSection
	GlobalSection(ProjectConfigurationPlatforms) = postSolution
		{CE6A2A17-06D4-49BF-9BE6-EBABF8166FD0}.Debug|Any CPU.ActiveCfg = Debug|Any CPU
		{CE6A2A17-06D4-49BF-9BE6-EBABF8166FD0}.Debug|Any CPU.Build.0 = Debug|Any CPU
		{CE6A2A17-06D4-49BF-9BE6-EBABF8166FD0}.Release|Any CPU.ActiveCfg = Release|Any CPU
		{CE6A2A17-06D4-49BF-9BE6-EBABF8166FD0}.Release|Any CPU.Build.0 = Release|Any CPU
	EndGlobalSection
	GlobalSection(SolutionProperties) = preSolution
		HideSolutionNode = FALSE
	EndGlobalSection
	GlobalSection(ExtensibilityGlobals) = postSolution
		SolutionGuid = {40CF9A3F-904B-4DE5-B32A-D9C707C350E6}
	EndGlobalSection
EndGlobal
