
Microsoft Visual Studio Solution File, Format Version 12.00
# Visual Studio Version 17
VisualStudioVersion = 17.9.34723.18
MinimumVisualStudioVersion = 10.0.40219.1
Project("{FAE04EC0-301F-11D3-BF4B-00C04F79EFBC}") = "10", "10\10.csproj", "{0C6ED706-6343-493F-B2A6-A474F52E3572}"
EndProject
Global
	GlobalSection(SolutionConfigurationPlatforms) = preSolution
		Debug|Any CPU = Debug|Any CPU
		Release|Any CPU = Release|Any CPU
	EndGlobalSection
	GlobalSection(ProjectConfigurationPlatforms) = postSolution
		{0C6ED706-6343-493F-B2A6-A474F52E3572}.Debug|Any CPU.ActiveCfg = Debug|Any CPU
		{0C6ED706-6343-493F-B2A6-A474F52E3572}.Debug|Any CPU.Build.0 = Debug|Any CPU
		{0C6ED706-6343-493F-B2A6-A474F52E3572}.Release|Any CPU.ActiveCfg = Release|Any CPU
		{0C6ED706-6343-493F-B2A6-A474F52E3572}.Release|Any CPU.Build.0 = Release|Any CPU
	EndGlobalSection
	GlobalSection(SolutionProperties) = preSolution
		HideSolutionNode = FALSE
	EndGlobalSection
	GlobalSection(ExtensibilityGlobals) = postSolution
		SolutionGuid = {D093C974-F965-433F-8EEE-C1008DCF1BCD}
	EndGlobalSection
EndGlobal
