
Microsoft Visual Studio Solution File, Format Version 12.00
# Visual Studio Version 17
VisualStudioVersion = 17.9.34723.18
MinimumVisualStudioVersion = 10.0.40219.1
Project("{FAE04EC0-301F-11D3-BF4B-00C04F79EFBC}") = "03-02-2025", "03-02-2025\03-02-2025.csproj", "{F6A50AA8-E3A2-4DF7-A943-AC825DA624D2}"
EndProject
Global
	GlobalSection(SolutionConfigurationPlatforms) = preSolution
		Debug|Any CPU = Debug|Any CPU
		Release|Any CPU = Release|Any CPU
	EndGlobalSection
	GlobalSection(ProjectConfigurationPlatforms) = postSolution
		{F6A50AA8-E3A2-4DF7-A943-AC825DA624D2}.Debug|Any CPU.ActiveCfg = Debug|Any CPU
		{F6A50AA8-E3A2-4DF7-A943-AC825DA624D2}.Debug|Any CPU.Build.0 = Debug|Any CPU
		{F6A50AA8-E3A2-4DF7-A943-AC825DA624D2}.Release|Any CPU.ActiveCfg = Release|Any CPU
		{F6A50AA8-E3A2-4DF7-A943-AC825DA624D2}.Release|Any CPU.Build.0 = Release|Any CPU
	EndGlobalSection
	GlobalSection(SolutionProperties) = preSolution
		HideSolutionNode = FALSE
	EndGlobalSection
	GlobalSection(ExtensibilityGlobals) = postSolution
		SolutionGuid = {A2D9A9D1-87A4-405E-9BC1-9A1227F2C4EF}
	EndGlobalSection
EndGlobal
