
Microsoft Visual Studio Solution File, Format Version 12.00
# Visual Studio Version 17
VisualStudioVersion = 17.9.34723.18
MinimumVisualStudioVersion = 10.0.40219.1
Project("{FAE04EC0-301F-11D3-BF4B-00C04F79EFBC}") = "14-01-2025", "14-01-2025\14-01-2025.csproj", "{80942570-0166-4872-AFDD-02A805742B88}"
EndProject
Global
	GlobalSection(SolutionConfigurationPlatforms) = preSolution
		Debug|Any CPU = Debug|Any CPU
		Release|Any CPU = Release|Any CPU
	EndGlobalSection
	GlobalSection(ProjectConfigurationPlatforms) = postSolution
		{80942570-0166-4872-AFDD-02A805742B88}.Debug|Any CPU.ActiveCfg = Debug|Any CPU
		{80942570-0166-4872-AFDD-02A805742B88}.Debug|Any CPU.Build.0 = Debug|Any CPU
		{80942570-0166-4872-AFDD-02A805742B88}.Release|Any CPU.ActiveCfg = Release|Any CPU
		{80942570-0166-4872-AFDD-02A805742B88}.Release|Any CPU.Build.0 = Release|Any CPU
	EndGlobalSection
	GlobalSection(SolutionProperties) = preSolution
		HideSolutionNode = FALSE
	EndGlobalSection
	GlobalSection(ExtensibilityGlobals) = postSolution
		SolutionGuid = {FD81EAE6-24B1-48C0-A512-4F3081C2A6E3}
	EndGlobalSection
EndGlobal
