
Microsoft Visual Studio Solution File, Format Version 12.00
# Visual Studio Version 17
VisualStudioVersion = 17.9.34723.18
MinimumVisualStudioVersion = 10.0.40219.1
Project("{FAE04EC0-301F-11D3-BF4B-00C04F79EFBC}") = "24-12-2024", "24-12-2024\24-12-2024.csproj", "{07D93C41-2556-4A5B-91CF-38223D3531DC}"
EndProject
Global
	GlobalSection(SolutionConfigurationPlatforms) = preSolution
		Debug|Any CPU = Debug|Any CPU
		Release|Any CPU = Release|Any CPU
	EndGlobalSection
	GlobalSection(ProjectConfigurationPlatforms) = postSolution
		{07D93C41-2556-4A5B-91CF-38223D3531DC}.Debug|Any CPU.ActiveCfg = Debug|Any CPU
		{07D93C41-2556-4A5B-91CF-38223D3531DC}.Debug|Any CPU.Build.0 = Debug|Any CPU
		{07D93C41-2556-4A5B-91CF-38223D3531DC}.Release|Any CPU.ActiveCfg = Release|Any CPU
		{07D93C41-2556-4A5B-91CF-38223D3531DC}.Release|Any CPU.Build.0 = Release|Any CPU
	EndGlobalSection
	GlobalSection(SolutionProperties) = preSolution
		HideSolutionNode = FALSE
	EndGlobalSection
	GlobalSection(ExtensibilityGlobals) = postSolution
		SolutionGuid = {2FFE1E79-5100-40E7-B930-59F1CFC0F2A9}
	EndGlobalSection
EndGlobal
