
Microsoft Visual Studio Solution File, Format Version 12.00
# Visual Studio Version 17
VisualStudioVersion = 17.9.34723.18
MinimumVisualStudioVersion = 10.0.40219.1
Project("{FAE04EC0-301F-11D3-BF4B-00C04F79EFBC}") = "08-12-2024", "08-12-2024\08-12-2024.csproj", "{A7BA4053-01D8-48DA-8EFC-B7543A4DFA51}"
EndProject
Global
	GlobalSection(SolutionConfigurationPlatforms) = preSolution
		Debug|Any CPU = Debug|Any CPU
		Release|Any CPU = Release|Any CPU
	EndGlobalSection
	GlobalSection(ProjectConfigurationPlatforms) = postSolution
		{A7BA4053-01D8-48DA-8EFC-B7543A4DFA51}.Debug|Any CPU.ActiveCfg = Debug|Any CPU
		{A7BA4053-01D8-48DA-8EFC-B7543A4DFA51}.Debug|Any CPU.Build.0 = Debug|Any CPU
		{A7BA4053-01D8-48DA-8EFC-B7543A4DFA51}.Release|Any CPU.ActiveCfg = Release|Any CPU
		{A7BA4053-01D8-48DA-8EFC-B7543A4DFA51}.Release|Any CPU.Build.0 = Release|Any CPU
	EndGlobalSection
	GlobalSection(SolutionProperties) = preSolution
		HideSolutionNode = FALSE
	EndGlobalSection
	GlobalSection(ExtensibilityGlobals) = postSolution
		SolutionGuid = {F4A5D744-E48C-4139-B07D-B4441423A207}
	EndGlobalSection
EndGlobal
